
Microsoft Visual Studio Solution File, Format Version 12.00
# Visual Studio Version 17
VisualStudioVersion = 17.3.32922.545
MinimumVisualStudioVersion = 10.0.40219.1
Project("{FAE04EC0-301F-11D3-BF4B-00C04F79EFBC}") = "Minieksamensprojekt - Powerpoint add-in", "Minieksamensprojekt - Powerpoint add-in\Minieksamensprojekt - Powerpoint add-in.csproj", "{D71976D4-0816-4329-970B-5FA684B81143}"
EndProject
Global
	GlobalSection(SolutionConfigurationPlatforms) = preSolution
		Debug|Any CPU = Debug|Any CPU
		Release|Any CPU = Release|Any CPU
	EndGlobalSection
	GlobalSection(ProjectConfigurationPlatforms) = postSolution
		{D71976D4-0816-4329-970B-5FA684B81143}.Debug|Any CPU.ActiveCfg = Debug|Any CPU
		{D71976D4-0816-4329-970B-5FA684B81143}.Debug|Any CPU.Build.0 = Debug|Any CPU
		{D71976D4-0816-4329-970B-5FA684B81143}.Release|Any CPU.ActiveCfg = Release|Any CPU
		{D71976D4-0816-4329-970B-5FA684B81143}.Release|Any CPU.Build.0 = Release|Any CPU
	EndGlobalSection
	GlobalSection(SolutionProperties) = preSolution
		HideSolutionNode = FALSE
	EndGlobalSection
	GlobalSection(ExtensibilityGlobals) = postSolution
		SolutionGuid = {514F3939-5016-4A7D-9D6F-648A11FD4EB0}
	EndGlobalSection
EndGlobal
