
Microsoft Visual Studio Solution File, Format Version 12.00
# Visual Studio Version 17
VisualStudioVersion = 17.4.33103.184
MinimumVisualStudioVersion = 10.0.40219.1
Project("{FAE04EC0-301F-11D3-BF4B-00C04F79EFBC}") = "PP AddIn - minieks", "PP AddIn - minieks\PP AddIn - minieks.csproj", "{2141369C-2052-43C4-B754-9DA9BA6B437E}"
EndProject
Global
	GlobalSection(SolutionConfigurationPlatforms) = preSolution
		Debug|Any CPU = Debug|Any CPU
		Release|Any CPU = Release|Any CPU
	EndGlobalSection
	GlobalSection(ProjectConfigurationPlatforms) = postSolution
		{2141369C-2052-43C4-B754-9DA9BA6B437E}.Debug|Any CPU.ActiveCfg = Debug|Any CPU
		{2141369C-2052-43C4-B754-9DA9BA6B437E}.Debug|Any CPU.Build.0 = Debug|Any CPU
		{2141369C-2052-43C4-B754-9DA9BA6B437E}.Release|Any CPU.ActiveCfg = Release|Any CPU
		{2141369C-2052-43C4-B754-9DA9BA6B437E}.Release|Any CPU.Build.0 = Release|Any CPU
	EndGlobalSection
	GlobalSection(SolutionProperties) = preSolution
		HideSolutionNode = FALSE
	EndGlobalSection
	GlobalSection(ExtensibilityGlobals) = postSolution
		SolutionGuid = {368A7E28-BDED-4F3E-B9BB-61AC1D77496C}
	EndGlobalSection
EndGlobal
